
Microsoft Visual Studio Solution File, Format Version 12.00
# Visual Studio Version 17
VisualStudioVersion = 17.13.35919.96 d17.13
MinimumVisualStudioVersion = 10.0.40219.1
Project("{FAE04EC0-301F-11D3-BF4B-00C04F79EFBC}") = "N8GrpcPrac", "N8GrpcPrac\N8GrpcPrac.csproj", "{30F66DEF-BAC8-4EEF-AB05-F5904E37D153}"
EndProject
Project("{FAE04EC0-301F-11D3-BF4B-00C04F79EFBC}") = "N8WebApp", "N8WebApp\N8WebApp.csproj", "{012651D7-CD95-4052-AA1D-E9E3C594C773}"
EndProject
Global
	GlobalSection(SolutionConfigurationPlatforms) = preSolution
		Debug|Any CPU = Debug|Any CPU
		Release|Any CPU = Release|Any CPU
	EndGlobalSection
	GlobalSection(ProjectConfigurationPlatforms) = postSolution
		{30F66DEF-BAC8-4EEF-AB05-F5904E37D153}.Debug|Any CPU.ActiveCfg = Debug|Any CPU
		{30F66DEF-BAC8-4EEF-AB05-F5904E37D153}.Debug|Any CPU.Build.0 = Debug|Any CPU
		{30F66DEF-BAC8-4EEF-AB05-F5904E37D153}.Release|Any CPU.ActiveCfg = Release|Any CPU
		{30F66DEF-BAC8-4EEF-AB05-F5904E37D153}.Release|Any CPU.Build.0 = Release|Any CPU
		{012651D7-CD95-4052-AA1D-E9E3C594C773}.Debug|Any CPU.ActiveCfg = Debug|Any CPU
		{012651D7-CD95-4052-AA1D-E9E3C594C773}.Debug|Any CPU.Build.0 = Debug|Any CPU
		{012651D7-CD95-4052-AA1D-E9E3C594C773}.Release|Any CPU.ActiveCfg = Release|Any CPU
		{012651D7-CD95-4052-AA1D-E9E3C594C773}.Release|Any CPU.Build.0 = Release|Any CPU
	EndGlobalSection
	GlobalSection(SolutionProperties) = preSolution
		HideSolutionNode = FALSE
	EndGlobalSection
	GlobalSection(ExtensibilityGlobals) = postSolution
		SolutionGuid = {60F59BF6-CDAF-43BA-9151-B8A5487C838A}
	EndGlobalSection
EndGlobal
